
Microsoft Visual Studio Solution File, Format Version 12.00
# Visual Studio 2013
VisualStudioVersion = 12.0.31101.0
MinimumVisualStudioVersion = 10.0.40219.1
Project("{FAE04EC0-301F-11D3-BF4B-00C04F79EFBC}") = "Codility", "Codility.csproj", "{B57BC2E4-EE56-4971-A78D-FB416CCCA374}"
EndProject
Project("{FAE04EC0-301F-11D3-BF4B-00C04F79EFBC}") = "AppTest", "AppTest\AppTest.csproj", "{D045F24A-574F-4021-A392-3AE8292278D1}"
EndProject
Global
	GlobalSection(SolutionConfigurationPlatforms) = preSolution
		Debug|Any CPU = Debug|Any CPU
		Release|Any CPU = Release|Any CPU
	EndGlobalSection
	GlobalSection(ProjectConfigurationPlatforms) = postSolution
		{B57BC2E4-EE56-4971-A78D-FB416CCCA374}.Debug|Any CPU.ActiveCfg = Debug|Any CPU
		{B57BC2E4-EE56-4971-A78D-FB416CCCA374}.Debug|Any CPU.Build.0 = Debug|Any CPU
		{B57BC2E4-EE56-4971-A78D-FB416CCCA374}.Release|Any CPU.ActiveCfg = Release|Any CPU
		{B57BC2E4-EE56-4971-A78D-FB416CCCA374}.Release|Any CPU.Build.0 = Release|Any CPU
		{D045F24A-574F-4021-A392-3AE8292278D1}.Debug|Any CPU.ActiveCfg = Debug|Any CPU
		{D045F24A-574F-4021-A392-3AE8292278D1}.Debug|Any CPU.Build.0 = Debug|Any CPU
		{D045F24A-574F-4021-A392-3AE8292278D1}.Release|Any CPU.ActiveCfg = Release|Any CPU
		{D045F24A-574F-4021-A392-3AE8292278D1}.Release|Any CPU.Build.0 = Release|Any CPU
	EndGlobalSection
	GlobalSection(SolutionProperties) = preSolution
		HideSolutionNode = FALSE
	EndGlobalSection
EndGlobal
